Microsoft Visual Studio Solution File, Format Version 12.00
# Visual Studio Version 17
VisualStudioVersion = 17.4.33403.182
MinimumVisualStudioVersion = 10.0.40219.1

Project("{2150E333-8FDC-42A3-9474-1A3956D46DE8}") = "Solution Items", "Solution Items", "{57168F53-7F3B-49B7-AD97-90A4DF7CBFBE}"
    ProjectSection(SolutionItems) = preProject
        .editorconfig = .editorconfig
        README-INTERNAL.md = README-INTERNAL.md
        README.md = README.md
    EndProjectSection
EndProject

Project("{9A19103F-16F7-4668-BE54-9A1E7A4F7556}") = "IPInterface", "IPInterface\IPInterface.csproj", "{3DE3FF35-5303-41F0-9F66-5B5AB2B6B7DF}"
EndProject

Project("{2150E333-8FDC-42A3-9474-1A3956D46DE8}") = "Demo Projects", "Demo Projects", "{26F720D6-5582-477D-8639-1E8B6E315976}"
EndProject

Project("{9A19103F-16F7-4668-BE54-9A1E7A4F7556}") = "IPInterface.SimpleConsoleDemo", "Demos\IPInterface.SimpleConsoleDemo\IPInterface.SimpleConsoleDemo.csproj", "{83994D4F-0A90-4B14-BCB4-EEF75967FA60}"
EndProject

Global
    GlobalSection(SolutionConfigurationPlatforms) = preSolution
        Debug|Any CPU = Debug|Any CPU
        Release|Any CPU = Release|Any CPU
    EndGlobalSection

    GlobalSection(ProjectConfigurationPlatforms) = postSolution
        {3DE3FF35-5303-41F0-9F66-5B5AB2B6B7DF}.Debug|Any CPU.ActiveCfg = Debug|Any CPU
        {3DE3FF35-5303-41F0-9F66-5B5AB2B6B7DF}.Debug|Any CPU.Build.0 = Debug|Any CPU
        {3DE3FF35-5303-41F0-9F66-5B5AB2B6B7DF}.Release|Any CPU.ActiveCfg = Release|Any CPU
        {3DE3FF35-5303-41F0-9F66-5B5AB2B6B7DF}.Release|Any CPU.Build.0 = Release|Any CPU

        {83994D4F-0A90-4B14-BCB4-EEF75967FA60}.Debug|Any CPU.ActiveCfg = Debug|Any CPU
        {83994D4F-0A90-4B14-BCB4-EEF75967FA60}.Debug|Any CPU.Build.0 = Debug|Any CPU
        {83994D4F-0A90-4B14-BCB4-EEF75967FA60}.Release|Any CPU.ActiveCfg = Release|Any CPU
        {83994D4F-0A90-4B14-BCB4-EEF75967FA60}.Release|Any CPU.Build.0 = Release|Any CPU
    EndGlobalSection

    GlobalSection(SolutionProperties) = preSolution
        HideSolutionNode = FALSE
    EndGlobalSection

    GlobalSection(NestedProjects) = preSolution
        {83994D4F-0A90-4B14-BCB4-EEF75967FA60} = {26F720D6-5582-477D-8639-1E8B6E315976}
    EndGlobalSection

    GlobalSection(ExtensibilityGlobals) = postSolution
        SolutionGuid = {20B4B580-0260-4C0D-BD10-8F712752F482}
    EndGlobalSection
EndGlobal